<?xml version="1.0" encoding="utf-8"?>
<Project ToolsVersion="4.0" xmlns="http://schemas.microsoft.com/developer/msbuild/2003">
  <ItemGroup>
    <Filter Include="Source Files">
      <UniqueIdentifier>{4FC737F1-C7A5-4376-A066-2A32D752A2FF}</UniqueIdentifier>
      <Extensions>cpp;c;cc;cxx;def;odl;idl;hpj;bat;asm;asmx</Extensions>
    </Filter>
    <Filter Include="Header Files">
      <UniqueIdentifier>{93995380-89BD-4b04-88EB-625FBE52EBFB}</UniqueIdentifier>
      <Extensions>h;hh;hpp;hxx;hm;inl;inc;xsd</Extensions>
    </Filter>
    <Filter Include="Resource Files">
      <UniqueIdentifier>{67DA6AB6-F800-4c08-8B7A-83BB121AAD01}</UniqueIdentifier>
      <Extensions>rc;ico;cur;bmp;dlg;rc2;rct;bin;rgs;gif;jpg;jpeg;jpe;resx;tiff;tif;png;wav;mfcribbon-ms</Extensions>
    </Filter>
    <Filter Include="Header Files\Core">
      <UniqueIdentifier>{d90d9ee7-b58e-4b77-b129-a927c426e371}</UniqueIdentifier>
    </Filter>
    <Filter Include="Source Files\Core">
      <UniqueIdentifier>{199f96f6-35a0-4f38-8547-23286a6fe506}</UniqueIdentifier>
    </Filter>
    <Filter Include="Header Files\Device">
      <UniqueIdentifier>{a6dbb96f-c6e9-4406-b436-9f6f7d329641}</UniqueIdentifier>
    </Filter>
    <Filter Include="Source Files\Device">
      <UniqueIdentifier>{facdfda8-e7f0-40d3-8a9a-3e52039934c3}</UniqueIdentifier>
    </Filter>
    <Filter Include="Header Files\FileIO">
      <UniqueIdentifier>{22a97391-39ef-437a-9d39-542bc0b24136}</UniqueIdentifier>
    </Filter>
    <Filter Include="Source Files\FileIO">
      <UniqueIdentifier>{3a18fb79-dcdf-4fc5-a9af-8b7dc70304f7}</UniqueIdentifier>
    </Filter>
    <Filter Include="Header Files\ML">
      <UniqueIdentifier>{5b86588a-e03c-40bb-ac45-db309c7f8eff}</UniqueIdentifier>
    </Filter>
    <Filter Include="Source Files\ML">
      <UniqueIdentifier>{94dcc566-53b8-4cd1-b269-b48628d1c2b9}</UniqueIdentifier>
    </Filter>
  </ItemGroup>
  <ItemGroup>
    <ClCompile Include="14_3288_DeepLearning_Main.cpp">
      <Filter>Source Files</Filter>
    </ClCompile>
    <ClCompile Include="Core\cVectorManager.cpp">
      <Filter>Source Files\Core</Filter>
    </ClCompile>
    <ClCompile Include="Core\SanContainer.cpp">
      <Filter>Source Files\Core</Filter>
    </ClCompile>
    <ClCompile Include="Core\SanMathematics.cpp">
      <Filter>Source Files\Core</Filter>
    </ClCompile>
    <ClCompile Include="Core\SanMemory.cpp">
      <Filter>Source Files\Core</Filter>
    </ClCompile>
    <ClCompile Include="Core\SanString.cpp">
      <Filter>Source Files\Core</Filter>
    </ClCompile>
    <ClCompile Include="Device\cSanTerminalDeviceWin.cpp">
      <Filter>Source Files\Device</Filter>
    </ClCompile>
    <ClCompile Include="FileIO\cBMPReader.cpp">
      <Filter>Source Files\FileIO</Filter>
    </ClCompile>
    <ClCompile Include="FileIO\SanFileIO.cpp">
      <Filter>Source Files\FileIO</Filter>
    </ClCompile>
    <ClCompile Include="ML\cArtificialNeuralNetworkAlgorithm.cpp">
      <Filter>Source Files\ML</Filter>
    </ClCompile>
    <ClCompile Include="ML\cDeepNeuralNetworkAlgorithm.cpp">
      <Filter>Source Files\ML</Filter>
    </ClCompile>
    <ClCompile Include="ML\cRestrictedRoltzmannMachineAlgorithm.cpp">
      <Filter>Source Files\ML</Filter>
    </ClCompile>
  </ItemGroup>
  <ItemGroup>
    <ClInclude Include="Core\cVectorManager.h">
      <Filter>Header Files\Core</Filter>
    </ClInclude>
    <ClInclude Include="Core\cVectorManagerDef.h">
      <Filter>Header Files\Core</Filter>
    </ClInclude>
    <ClInclude Include="Core\MsgDef.h">
      <Filter>Header Files\Core</Filter>
    </ClInclude>
    <ClInclude Include="Core\SanContainer.h">
      <Filter>Header Files\Core</Filter>
    </ClInclude>
    <ClInclude Include="Core\SanMathematics.h">
      <Filter>Header Files\Core</Filter>
    </ClInclude>
    <ClInclude Include="Core\SanMemory.h">
      <Filter>Header Files\Core</Filter>
    </ClInclude>
    <ClInclude Include="Core\SanString.h">
      <Filter>Header Files\Core</Filter>
    </ClInclude>
    <ClInclude Include="Core\SanTypes.h">
      <Filter>Header Files\Core</Filter>
    </ClInclude>
    <ClInclude Include="Core\WinDataDef.h">
      <Filter>Header Files\Core</Filter>
    </ClInclude>
    <ClInclude Include="Device\cSanTerminalDeviceWin.h">
      <Filter>Header Files\Device</Filter>
    </ClInclude>
    <ClInclude Include="Device\SanDevices.h">
      <Filter>Header Files\Device</Filter>
    </ClInclude>
    <ClInclude Include="FileIO\cBMPReader.h">
      <Filter>Header Files\FileIO</Filter>
    </ClInclude>
    <ClInclude Include="FileIO\FileLoader.h">
      <Filter>Header Files\FileIO</Filter>
    </ClInclude>
    <ClInclude Include="FileIO\SanFileIO.h">
      <Filter>Header Files\FileIO</Filter>
    </ClInclude>
    <ClInclude Include="RenderSystem.h">
      <Filter>Header Files</Filter>
    </ClInclude>
    <ClInclude Include="ML\cArtificialNeuralNetworkAlgorithm.h">
      <Filter>Header Files\ML</Filter>
    </ClInclude>
    <ClInclude Include="TrainingDataPreProcessing.h">
      <Filter>Header Files</Filter>
    </ClInclude>
    <ClInclude Include="ML\cDeepNeuralNetworkAlgorithm.h">
      <Filter>Header Files\ML</Filter>
    </ClInclude>
    <ClInclude Include="ML\cRestrictedBoltzmannMachineAlgorithm.h">
      <Filter>Header Files\ML</Filter>
    </ClInclude>
  </ItemGroup>
</Project>